
Microsoft Visual Studio Solution File, Format Version 12.00
# Visual Studio Version 16
VisualStudioVersion = 16.0.29709.97
MinimumVisualStudioVersion = 10.0.40219.1
Project("{FAE04EC0-301F-11D3-BF4B-00C04F79EFBC}") = "Akka.Net-Service-Exemple", "Akka.Net-Service-Exemple\Akka.Net-Service-Exemple.csproj", "{765FD75B-9DB6-4F80-8B39-FAC0D82E140B}"
EndProject
Global
	GlobalSection(SolutionConfigurationPlatforms) = preSolution
		Debug|Any CPU = Debug|Any CPU
		Release|Any CPU = Release|Any CPU
	EndGlobalSection
	GlobalSection(ProjectConfigurationPlatforms) = postSolution
		{765FD75B-9DB6-4F80-8B39-FAC0D82E140B}.Debug|Any CPU.ActiveCfg = Debug|Any CPU
		{765FD75B-9DB6-4F80-8B39-FAC0D82E140B}.Debug|Any CPU.Build.0 = Debug|Any CPU
		{765FD75B-9DB6-4F80-8B39-FAC0D82E140B}.Release|Any CPU.ActiveCfg = Release|Any CPU
		{765FD75B-9DB6-4F80-8B39-FAC0D82E140B}.Release|Any CPU.Build.0 = Release|Any CPU
	EndGlobalSection
	GlobalSection(SolutionProperties) = preSolution
		HideSolutionNode = FALSE
	EndGlobalSection
	GlobalSection(ExtensibilityGlobals) = postSolution
		SolutionGuid = {02400598-ABAA-46B6-BBB5-729A0B435F4D}
	EndGlobalSection
EndGlobal
